dependencies:
- name: tenant
  repository: https://operator.min.io/
  version: 7.1.1
- name: gluon
  repository: oci://registry1.dso.mil/bigbang
  version: 0.9.6
- name: bb-common
  repository: oci://registry1.dso.mil/bigbang
  version: 0.12.3
digest: sha256:f319ca412ab7a5124c5933a9bba536727638474f128afca7fc5860d6240f5cab
generated: "2026-01-13T10:37:10.00618652-06:00"
